dario.cat/mergo v1.0.0 h1:AGCNq9Evsj31mOgNPcLyXc+4PNABt905YmuqPYYpBWk=
dario.cat/mergo v1.0.0/go.mod h1:uNxQE+84aUszobStD9th8a29P2fMDhsBdgRYvZOxGmk=
github.com/hashicorp/errwrap v1.0.0/go.mod h1:YH+1FKiLXxHSkmPseP+kNlulaMuP3n2brvKWEqk/Jc4=
github.com/hashicorp/errwrap v1.1.0 h1:OxrOeh75EUXMY8TBjag2fzXGZ40LB6IKw45YeGUDY2I=
github.com/hashicorp/errwrap v1.1.0/go.mod h1:YH+1FKiLXxHSkmPseP+kNlulaMuP3n2brvKWEqk/Jc4=
github.com/hashicorp/go-multierror v1.1.1 h1:H5DkEtf6CXdFp0N0Em5UCwQpXMWke8IA0+lD48awMYo=
github.com/hashicorp/go-multierror v1.1.1/go.mod h1:iw975J/qwKPdAO1clOe2L8331t/9/fmwbPZ6JB6eMoM=
github.com/miruken-go/miruken v0.30.50 h1:voBO1EjQFQgamkJxbEJqnxpZ/rW1IjoPuDhH1npf2Cg=
github.com/miruken-go/miruken v0.30.50/go.mod h1:tYMe4w79GRv94RlNujDGHKHpDFledBCbmiS5rRDYWoA=
github.com/miruken-go/miruken v0.30.53 h1:NxULvR9XY0A5S3GI0oOZDByaU7lZnmTBs678ZDYTyfs=
github.com/miruken-go/miruken v0.30.53/go.mod h1:tYMe4w79GRv94RlNujDGHKHpDFledBCbmiS5rRDYWoA=
github.com/miruken-go/miruken v0.30.54 h1:MLD9e/1j1jmeatKa9eybSDoVHU5+wlTIoZ3ZgF8QteI=
github.com/miruken-go/miruken v0.30.54/go.mod h1:tYMe4w79GRv94RlNujDGHKHpDFledBCbmiS5rRDYWoA=
github.com/miruken-go/miruken v0.30.55 h1:Lzn49duTaJX10KWk51T6c988GteKXhi+47dkSJc/o/Q=
github.com/miruken-go/miruken v0.30.55/go.mod h1:tYMe4w79GRv94RlNujDGHKHpDFledBCbmiS5rRDYWoA=
github.com/miruken-go/miruken v0.30.56 h1:TMss6y14RUDQpkb7xb0Oj4scVk/ZX4rOupTB/Fza/TI=
github.com/miruken-go/miruken v0.30.56/go.mod h1:tYMe4w79GRv94RlNujDGHKHpDFledBCbmiS5rRDYWoA=
github.com/miruken-go/miruken v0.30.57 h1:xjXyq//HtZLOj5vtJoy4Gq+u+GXTQkmEqLUz+yYzU4s=
github.com/miruken-go/miruken v0.30.57/go.mod h1:tYMe4w79GRv94RlNujDGHKHpDFledBCbmiS5rRDYWoA=
gopkg.in/check.v1 v0.0.0-20161208181325-20d25e280405/go.mod h1:Co6ibVJAznAaIkqp8huTwlJQCZ016jof/cbN4VW5Yz0=
gopkg.in/yaml.v3 v3.0.1 h1:fxVm/GzAzEWqLHuvctI91KS9hhNmmWOoWu0XTYJS7CA=
gopkg.in/yaml.v3 v3.0.1/go.mod h1:K4uyk7z7BCEPqu6E+C64Yfv1cQ7kz7rIZviUmN+EgEM=
