dario.cat/mergo v1.0.2 h1:85+piFYR1tMbRrLcDwR18y4UKJ3aH1Tbzi24VRW1TK8=
dario.cat/mergo v1.0.2/go.mod h1:E/hbnu0NxMFBjpMIE34DRGLWqDy0g5FuKDhCb31ngxA=
github.com/miruken-go/miruken v0.32.3 h1:hleOsbBT3lAEmDsIqfNc+e+1Wsoxl9kCnSAOACGRW+k=
github.com/miruken-go/miruken v0.32.3/go.mod h1:Znp4kkoNXYQwIc+XP9ZmIZPr5jFO6leLSGntgbfjK+k=
