dario.cat/mergo v1.0.2 h1:85+piFYR1tMbRrLcDwR18y4UKJ3aH1Tbzi24VRW1TK8=
dario.cat/mergo v1.0.2/go.mod h1:E/hbnu0NxMFBjpMIE34DRGLWqDy0g5FuKDhCb31ngxA=
github.com/miruken-go/miruken v0.31.1 h1:b8TZLVs7PTquG4ksPburXKzOGI7+dbnre1ZKZ7AyoAE=
github.com/miruken-go/miruken v0.31.1/go.mod h1:Pn6x2sTEp0flOmL/FiUYHm59eD+cpSBrj0O0ni5ItZA=
