dario.cat/mergo v1.0.0 h1:AGCNq9Evsj31mOgNPcLyXc+4PNABt905YmuqPYYpBWk=
dario.cat/mergo v1.0.0/go.mod h1:uNxQE+84aUszobStD9th8a29P2fMDhsBdgRYvZOxGmk=
github.com/hashicorp/errwrap v1.0.0/go.mod h1:YH+1FKiLXxHSkmPseP+kNlulaMuP3n2brvKWEqk/Jc4=
github.com/hashicorp/errwrap v1.1.0 h1:OxrOeh75EUXMY8TBjag2fzXGZ40LB6IKw45YeGUDY2I=
github.com/hashicorp/errwrap v1.1.0/go.mod h1:YH+1FKiLXxHSkmPseP+kNlulaMuP3n2brvKWEqk/Jc4=
github.com/hashicorp/go-multierror v1.1.1 h1:H5DkEtf6CXdFp0N0Em5UCwQpXMWke8IA0+lD48awMYo=
github.com/hashicorp/go-multierror v1.1.1/go.mod h1:iw975J/qwKPdAO1clOe2L8331t/9/fmwbPZ6JB6eMoM=
github.com/miruken-go/miruken v0.30.13 h1:xTw3aspftO6clhGliqKa8dePyQ/e9V8N1e41M0i4B0M=
github.com/miruken-go/miruken v0.30.13/go.mod h1:jZ/Blr4Gcaw6GdizBP3Ypbz2SfbmfOIeKXsrjfh+6Ao=
github.com/miruken-go/miruken v0.30.14 h1:QFqd7tQ/6Fja+5Q2mkP1qrIhGaDxrRWbeDsxjBQksGU=
github.com/miruken-go/miruken v0.30.14/go.mod h1:jZ/Blr4Gcaw6GdizBP3Ypbz2SfbmfOIeKXsrjfh+6Ao=
github.com/miruken-go/miruken v0.30.16 h1:HiYIeGzw3E2ugO/9oBUc1uJYFCYg/l0+Ho2f8pdX2ZU=
github.com/miruken-go/miruken v0.30.16/go.mod h1:jZ/Blr4Gcaw6GdizBP3Ypbz2SfbmfOIeKXsrjfh+6Ao=
github.com/miruken-go/miruken v0.30.17 h1:eq2wirXJHnxyAU8telOJWdL+vH1B2Gqyn/j/oITktTQ=
github.com/miruken-go/miruken v0.30.17/go.mod h1:jZ/Blr4Gcaw6GdizBP3Ypbz2SfbmfOIeKXsrjfh+6Ao=
github.com/miruken-go/miruken v0.30.18 h1:MjzWgvVQsTKXVcTDGtxoA9CMl3U0QXnn4AF9HA7lzE4=
github.com/miruken-go/miruken v0.30.18/go.mod h1:jZ/Blr4Gcaw6GdizBP3Ypbz2SfbmfOIeKXsrjfh+6Ao=
github.com/miruken-go/miruken v0.30.19 h1:Z13jECVrLKFSINC/x47oAO0Np+q5kRB8y1A+EM/yhg0=
github.com/miruken-go/miruken v0.30.19/go.mod h1:jZ/Blr4Gcaw6GdizBP3Ypbz2SfbmfOIeKXsrjfh+6Ao=
gopkg.in/check.v1 v0.0.0-20161208181325-20d25e280405/go.mod h1:Co6ibVJAznAaIkqp8huTwlJQCZ016jof/cbN4VW5Yz0=
gopkg.in/yaml.v3 v3.0.1 h1:fxVm/GzAzEWqLHuvctI91KS9hhNmmWOoWu0XTYJS7CA=
gopkg.in/yaml.v3 v3.0.1/go.mod h1:K4uyk7z7BCEPqu6E+C64Yfv1cQ7kz7rIZviUmN+EgEM=
