dario.cat/mergo v1.0.0 h1:AGCNq9Evsj31mOgNPcLyXc+4PNABt905YmuqPYYpBWk=
dario.cat/mergo v1.0.0/go.mod h1:uNxQE+84aUszobStD9th8a29P2fMDhsBdgRYvZOxGmk=
github.com/hashicorp/errwrap v1.0.0/go.mod h1:YH+1FKiLXxHSkmPseP+kNlulaMuP3n2brvKWEqk/Jc4=
github.com/hashicorp/errwrap v1.1.0 h1:OxrOeh75EUXMY8TBjag2fzXGZ40LB6IKw45YeGUDY2I=
github.com/hashicorp/errwrap v1.1.0/go.mod h1:YH+1FKiLXxHSkmPseP+kNlulaMuP3n2brvKWEqk/Jc4=
github.com/hashicorp/go-multierror v1.1.1 h1:H5DkEtf6CXdFp0N0Em5UCwQpXMWke8IA0+lD48awMYo=
github.com/hashicorp/go-multierror v1.1.1/go.mod h1:iw975J/qwKPdAO1clOe2L8331t/9/fmwbPZ6JB6eMoM=
github.com/miruken-go/miruken v0.30.13 h1:xTw3aspftO6clhGliqKa8dePyQ/e9V8N1e41M0i4B0M=
github.com/miruken-go/miruken v0.30.13/go.mod h1:jZ/Blr4Gcaw6GdizBP3Ypbz2SfbmfOIeKXsrjfh+6Ao=
github.com/miruken-go/miruken v0.30.14 h1:QFqd7tQ/6Fja+5Q2mkP1qrIhGaDxrRWbeDsxjBQksGU=
github.com/miruken-go/miruken v0.30.14/go.mod h1:jZ/Blr4Gcaw6GdizBP3Ypbz2SfbmfOIeKXsrjfh+6Ao=
github.com/miruken-go/miruken v0.30.16 h1:HiYIeGzw3E2ugO/9oBUc1uJYFCYg/l0+Ho2f8pdX2ZU=
github.com/miruken-go/miruken v0.30.16/go.mod h1:jZ/Blr4Gcaw6GdizBP3Ypbz2SfbmfOIeKXsrjfh+6Ao=
github.com/miruken-go/miruken v0.30.17 h1:eq2wirXJHnxyAU8telOJWdL+vH1B2Gqyn/j/oITktTQ=
github.com/miruken-go/miruken v0.30.17/go.mod h1:jZ/Blr4Gcaw6GdizBP3Ypbz2SfbmfOIeKXsrjfh+6Ao=
github.com/miruken-go/miruken v0.30.18 h1:MjzWgvVQsTKXVcTDGtxoA9CMl3U0QXnn4AF9HA7lzE4=
github.com/miruken-go/miruken v0.30.18/go.mod h1:jZ/Blr4Gcaw6GdizBP3Ypbz2SfbmfOIeKXsrjfh+6Ao=
github.com/miruken-go/miruken v0.30.19 h1:Z13jECVrLKFSINC/x47oAO0Np+q5kRB8y1A+EM/yhg0=
github.com/miruken-go/miruken v0.30.19/go.mod h1:jZ/Blr4Gcaw6GdizBP3Ypbz2SfbmfOIeKXsrjfh+6Ao=
github.com/miruken-go/miruken v0.30.20 h1:QhTPB+ReLSVJvGyMeyfzPvQKIESAM6O1/14Hxb2/Bxk=
github.com/miruken-go/miruken v0.30.20/go.mod h1:jZ/Blr4Gcaw6GdizBP3Ypbz2SfbmfOIeKXsrjfh+6Ao=
github.com/miruken-go/miruken v0.30.21 h1:Jd+HLRec6dhjywVwUjkxK6D48pt2ohy7yaER+NxOd6Q=
github.com/miruken-go/miruken v0.30.21/go.mod h1:jZ/Blr4Gcaw6GdizBP3Ypbz2SfbmfOIeKXsrjfh+6Ao=
github.com/miruken-go/miruken v0.30.22 h1:05QvL8m0Larvc50bySZAE4dDAs0WsOyEQfQCdi+ImRQ=
github.com/miruken-go/miruken v0.30.22/go.mod h1:jZ/Blr4Gcaw6GdizBP3Ypbz2SfbmfOIeKXsrjfh+6Ao=
github.com/miruken-go/miruken v0.30.23 h1:ZgH9jdycGsvZqNt5D5v5IA/fzFGvf/gmHFjsyRqgS8E=
github.com/miruken-go/miruken v0.30.23/go.mod h1:jZ/Blr4Gcaw6GdizBP3Ypbz2SfbmfOIeKXsrjfh+6Ao=
github.com/miruken-go/miruken v0.30.24 h1:+9HwgYBNaozh8jeXCcXnw/iGUX1Ie6J1Mqc+CXYuFBQ=
github.com/miruken-go/miruken v0.30.24/go.mod h1:jZ/Blr4Gcaw6GdizBP3Ypbz2SfbmfOIeKXsrjfh+6Ao=
github.com/miruken-go/miruken v0.30.25 h1:8gJRciT2d3vxUgVi9M58JEALipgEzQRECxidCe/2aL8=
github.com/miruken-go/miruken v0.30.25/go.mod h1:f8Pdtx6YuC6E50FMw9IPEykuKYYVwm46iyHWCJJykcY=
github.com/miruken-go/miruken v0.30.26 h1:P+RxqnmJ2AI2RvSu27yWEw1ShP+tVypOqP1C27Tqt2U=
github.com/miruken-go/miruken v0.30.26/go.mod h1:brUSOfu9SRd5M9v+P2xzWerBdYVPDY3YrifWJkpL7fw=
github.com/miruken-go/miruken v0.30.27 h1:k7tdbhXaiLJdRohXAV0m5YMP1KXh9dFdcsRXi0LCFts=
github.com/miruken-go/miruken v0.30.27/go.mod h1:brUSOfu9SRd5M9v+P2xzWerBdYVPDY3YrifWJkpL7fw=
github.com/miruken-go/miruken v0.30.28 h1:lAZKE61c0DU5QUsQia+EgKGC5+TKydFs+rCM1d820Hk=
github.com/miruken-go/miruken v0.30.28/go.mod h1:brUSOfu9SRd5M9v+P2xzWerBdYVPDY3YrifWJkpL7fw=
github.com/miruken-go/miruken v0.30.29 h1:nn61RgujMKSxBRkbCEh+cSQSqocxG8HwAYxy/m/5KnM=
github.com/miruken-go/miruken v0.30.29/go.mod h1:brUSOfu9SRd5M9v+P2xzWerBdYVPDY3YrifWJkpL7fw=
github.com/miruken-go/miruken v0.30.30 h1:oU5El8+CoiYaPKwvPL+cPmz15AlrNiizkJ1o6iv5Fg0=
github.com/miruken-go/miruken v0.30.30/go.mod h1:BDy8MILEJsOzSBimzBEX+kbv6+RMLfdQGPUXrGwujXU=
github.com/miruken-go/miruken v0.30.31 h1:Va0e/PuXVHkK0pEJoJ3OypZeYVrpTc5zR0gSLhSutl8=
github.com/miruken-go/miruken v0.30.31/go.mod h1:BDy8MILEJsOzSBimzBEX+kbv6+RMLfdQGPUXrGwujXU=
github.com/miruken-go/miruken v0.30.32 h1:NyvrS0To97BxfJyB8dotn0MidwEqf8eZh1gDVxP0A3Q=
github.com/miruken-go/miruken v0.30.32/go.mod h1:Af3AgzjFbd97yNl8Y2b+K26NYdkmaIgWGLiufV438Ws=
github.com/miruken-go/miruken v0.30.33 h1:iQzP7CLzheVDVKboC3H6yaGdqrNPCm+/bdDHLWh/OkA=
github.com/miruken-go/miruken v0.30.33/go.mod h1:Af3AgzjFbd97yNl8Y2b+K26NYdkmaIgWGLiufV438Ws=
github.com/miruken-go/miruken v0.30.34 h1:K7sQ6DHaKxU6k49SWH2MqfF78I3Ge9anyhvJYaSB5BY=
github.com/miruken-go/miruken v0.30.34/go.mod h1:Af3AgzjFbd97yNl8Y2b+K26NYdkmaIgWGLiufV438Ws=
github.com/miruken-go/miruken v0.30.36 h1:Wyux57Cbs6ogUOjji+EUZycl9iC/0D98IIhaxnP+E2Y=
github.com/miruken-go/miruken v0.30.36/go.mod h1:Af3AgzjFbd97yNl8Y2b+K26NYdkmaIgWGLiufV438Ws=
github.com/miruken-go/miruken v0.30.37 h1:M+94J2sf5wEUgrzqpmYqt0m+g1cp8Nh5CUKljD7yEqc=
github.com/miruken-go/miruken v0.30.37/go.mod h1:zD1k93j/vZ5Z9/9fq9GPJbynB+hUhf1Qv/WWF9CWW00=
github.com/miruken-go/miruken v0.30.38 h1:4fm4Q/RmpKxTbOZ6Pp2BWloXkSfV2ycEOOrvRM2yxRU=
github.com/miruken-go/miruken v0.30.38/go.mod h1:zD1k93j/vZ5Z9/9fq9GPJbynB+hUhf1Qv/WWF9CWW00=
gopkg.in/check.v1 v0.0.0-20161208181325-20d25e280405/go.mod h1:Co6ibVJAznAaIkqp8huTwlJQCZ016jof/cbN4VW5Yz0=
gopkg.in/yaml.v3 v3.0.1 h1:fxVm/GzAzEWqLHuvctI91KS9hhNmmWOoWu0XTYJS7CA=
gopkg.in/yaml.v3 v3.0.1/go.mod h1:K4uyk7z7BCEPqu6E+C64Yfv1cQ7kz7rIZviUmN+EgEM=
